
Microsoft Visual Studio Solution File, Format Version 12.00
# Visual Studio Version 17
VisualStudioVersion = 17.0.31903.59
MinimumVisualStudioVersion = 10.0.40219.1
Project("{2150E333-8FDC-42A3-9474-1A3956D46DE8}") = "src", "src", "{8BC9CEB8-8B4A-11D0-8D11-00A0C91BC942}"
EndProject
Project("{2150E333-8FDC-42A3-9474-1A3956D46DE8}") = "Services", "Services", "{E3E379DF-F4C6-4180-9B81-6769F1E86F3A}"
EndProject
Project("{2150E333-8FDC-42A3-9474-1A3956D46DE8}") = "Shared", "Shared", "{92159D94-8F73-4B1B-8E39-B7F17E4B9C84}"
EndProject
Project("{2150E333-8FDC-42A3-9474-1A3956D46DE8}") = "tests", "tests", "{13A5A3F0-2B4F-4B9C-8B7E-7C8D9E0F1A2B}"
EndProject
Project("{9A19103F-16F7-4668-BE54-9A1E7A4F7556}") = "Profitzen.Common", "src\Shared\Profitzen.Common\Profitzen.Common.csproj", "{F1E2D3C4-5B6A-7C8D-9E0F-1A2B3C4D5E6F}"
EndProject
Project("{9A19103F-16F7-4668-BE54-9A1E7A4F7556}") = "Profitzen.ApiGateway", "src\ApiGateway\Profitzen.ApiGateway.csproj", "{A1B2C3D4-5E6F-7A8B-9C0D-1E2F3A4B5C6D}"
EndProject
Project("{9A19103F-16F7-4668-BE54-9A1E7A4F7556}") = "Profitzen.Identity", "src\Services\Identity\Profitzen.Identity.csproj", "{B2C3D4E5-6F7A-8B9C-0D1E-2F3A4B5C6D7E}"
EndProject
Project("{9A19103F-16F7-4668-BE54-9A1E7A4F7556}") = "Profitzen.Inventory", "src\Services\Inventory\Profitzen.Inventory.csproj", "{C3D4E5F6-7A8B-9C0D-1E2F-3A4B5C6D7E8F}"
EndProject
Project("{9A19103F-16F7-4668-BE54-9A1E7A4F7556}") = "Profitzen.Sales", "src\Services\Sales\Profitzen.Sales.csproj", "{D4E5F6A7-8B9C-0D1E-2F3A-4B5C6D7E8F9A}"
EndProject
Project("{9A19103F-16F7-4668-BE54-9A1E7A4F7556}") = "Profitzen.Product", "src\Services\Product\Profitzen.Product.csproj", "{E5F6A7B8-9C0D-1E2F-3A4B-5C6D7E8F9A0B}"
EndProject
Project("{9A19103F-16F7-4668-BE54-9A1E7A4F7556}") = "Profitzen.Customer", "src\Services\Customer\Profitzen.Customer.csproj", "{A7B8C9D0-1E2F-3A4B-5C6D-7E8F9A0B1C2D}"
EndProject
Project("{9A19103F-16F7-4668-BE54-9A1E7A4F7556}") = "Profitzen.Analytics", "src\Services\Analytics\Profitzen.Analytics.csproj", "{F6A7B8C9-0D1E-2F3A-4B5C-6D7E8F9A0B1C}"
EndProject
Project("{2150E333-8FDC-42A3-9474-1A3956D46DE8}") = "Configuration", "Configuration", "{7D887108-2082-57E5-59E2-A47B8AC30CC1}"
EndProject
Project("{FAE04EC0-301F-11D3-BF4B-00C04F79EFBC}") = "Profitzen.Configuration", "src\Services\Configuration\Profitzen.Configuration.csproj", "{99726B70-0CB5-4EE6-978D-76B8FAF7A55D}"
EndProject
Project("{FAE04EC0-301F-11D3-BF4B-00C04F79EFBC}") = "Profitzen.Sales.Tests", "tests\Profitzen.Sales.Tests\Profitzen.Sales.Tests.csproj", "{BD89EA3B-F999-4CB5-96E1-5C1BB4F9E78F}"
EndProject
Global
	GlobalSection(SolutionConfigurationPlatforms) = preSolution
		Debug|Any CPU = Debug|Any CPU
		Debug|x64 = Debug|x64
		Debug|x86 = Debug|x86
		Release|Any CPU = Release|Any CPU
		Release|x64 = Release|x64
		Release|x86 = Release|x86
	EndGlobalSection
	GlobalSection(ProjectConfigurationPlatforms) = postSolution
		{F1E2D3C4-5B6A-7C8D-9E0F-1A2B3C4D5E6F}.Debug|Any CPU.ActiveCfg = Debug|Any CPU
		{F1E2D3C4-5B6A-7C8D-9E0F-1A2B3C4D5E6F}.Debug|Any CPU.Build.0 = Debug|Any CPU
		{F1E2D3C4-5B6A-7C8D-9E0F-1A2B3C4D5E6F}.Debug|x64.ActiveCfg = Debug|Any CPU
		{F1E2D3C4-5B6A-7C8D-9E0F-1A2B3C4D5E6F}.Debug|x64.Build.0 = Debug|Any CPU
		{F1E2D3C4-5B6A-7C8D-9E0F-1A2B3C4D5E6F}.Debug|x86.ActiveCfg = Debug|Any CPU
		{F1E2D3C4-5B6A-7C8D-9E0F-1A2B3C4D5E6F}.Debug|x86.Build.0 = Debug|Any CPU
		{F1E2D3C4-5B6A-7C8D-9E0F-1A2B3C4D5E6F}.Release|Any CPU.ActiveCfg = Release|Any CPU
		{F1E2D3C4-5B6A-7C8D-9E0F-1A2B3C4D5E6F}.Release|Any CPU.Build.0 = Release|Any CPU
		{F1E2D3C4-5B6A-7C8D-9E0F-1A2B3C4D5E6F}.Release|x64.ActiveCfg = Release|Any CPU
		{F1E2D3C4-5B6A-7C8D-9E0F-1A2B3C4D5E6F}.Release|x64.Build.0 = Release|Any CPU
		{F1E2D3C4-5B6A-7C8D-9E0F-1A2B3C4D5E6F}.Release|x86.ActiveCfg = Release|Any CPU
		{F1E2D3C4-5B6A-7C8D-9E0F-1A2B3C4D5E6F}.Release|x86.Build.0 = Release|Any CPU
		{A1B2C3D4-5E6F-7A8B-9C0D-1E2F3A4B5C6D}.Debug|Any CPU.ActiveCfg = Debug|Any CPU
		{A1B2C3D4-5E6F-7A8B-9C0D-1E2F3A4B5C6D}.Debug|Any CPU.Build.0 = Debug|Any CPU
		{A1B2C3D4-5E6F-7A8B-9C0D-1E2F3A4B5C6D}.Debug|x64.ActiveCfg = Debug|Any CPU
		{A1B2C3D4-5E6F-7A8B-9C0D-1E2F3A4B5C6D}.Debug|x64.Build.0 = Debug|Any CPU
		{A1B2C3D4-5E6F-7A8B-9C0D-1E2F3A4B5C6D}.Debug|x86.ActiveCfg = Debug|Any CPU
		{A1B2C3D4-5E6F-7A8B-9C0D-1E2F3A4B5C6D}.Debug|x86.Build.0 = Debug|Any CPU
		{A1B2C3D4-5E6F-7A8B-9C0D-1E2F3A4B5C6D}.Release|Any CPU.ActiveCfg = Release|Any CPU
		{A1B2C3D4-5E6F-7A8B-9C0D-1E2F3A4B5C6D}.Release|Any CPU.Build.0 = Release|Any CPU
		{A1B2C3D4-5E6F-7A8B-9C0D-1E2F3A4B5C6D}.Release|x64.ActiveCfg = Release|Any CPU
		{A1B2C3D4-5E6F-7A8B-9C0D-1E2F3A4B5C6D}.Release|x64.Build.0 = Release|Any CPU
		{A1B2C3D4-5E6F-7A8B-9C0D-1E2F3A4B5C6D}.Release|x86.ActiveCfg = Release|Any CPU
		{A1B2C3D4-5E6F-7A8B-9C0D-1E2F3A4B5C6D}.Release|x86.Build.0 = Release|Any CPU
		{B2C3D4E5-6F7A-8B9C-0D1E-2F3A4B5C6D7E}.Debug|Any CPU.ActiveCfg = Debug|Any CPU
		{B2C3D4E5-6F7A-8B9C-0D1E-2F3A4B5C6D7E}.Debug|Any CPU.Build.0 = Debug|Any CPU
		{B2C3D4E5-6F7A-8B9C-0D1E-2F3A4B5C6D7E}.Debug|x64.ActiveCfg = Debug|Any CPU
		{B2C3D4E5-6F7A-8B9C-0D1E-2F3A4B5C6D7E}.Debug|x64.Build.0 = Debug|Any CPU
		{B2C3D4E5-6F7A-8B9C-0D1E-2F3A4B5C6D7E}.Debug|x86.ActiveCfg = Debug|Any CPU
		{B2C3D4E5-6F7A-8B9C-0D1E-2F3A4B5C6D7E}.Debug|x86.Build.0 = Debug|Any CPU
		{B2C3D4E5-6F7A-8B9C-0D1E-2F3A4B5C6D7E}.Release|Any CPU.ActiveCfg = Release|Any CPU
		{B2C3D4E5-6F7A-8B9C-0D1E-2F3A4B5C6D7E}.Release|Any CPU.Build.0 = Release|Any CPU
		{B2C3D4E5-6F7A-8B9C-0D1E-2F3A4B5C6D7E}.Release|x64.ActiveCfg = Release|Any CPU
		{B2C3D4E5-6F7A-8B9C-0D1E-2F3A4B5C6D7E}.Release|x64.Build.0 = Release|Any CPU
		{B2C3D4E5-6F7A-8B9C-0D1E-2F3A4B5C6D7E}.Release|x86.ActiveCfg = Release|Any CPU
		{B2C3D4E5-6F7A-8B9C-0D1E-2F3A4B5C6D7E}.Release|x86.Build.0 = Release|Any CPU
		{C3D4E5F6-7A8B-9C0D-1E2F-3A4B5C6D7E8F}.Debug|Any CPU.ActiveCfg = Debug|Any CPU
		{C3D4E5F6-7A8B-9C0D-1E2F-3A4B5C6D7E8F}.Debug|Any CPU.Build.0 = Debug|Any CPU
		{C3D4E5F6-7A8B-9C0D-1E2F-3A4B5C6D7E8F}.Debug|x64.ActiveCfg = Debug|Any CPU
		{C3D4E5F6-7A8B-9C0D-1E2F-3A4B5C6D7E8F}.Debug|x64.Build.0 = Debug|Any CPU
		{C3D4E5F6-7A8B-9C0D-1E2F-3A4B5C6D7E8F}.Debug|x86.ActiveCfg = Debug|Any CPU
		{C3D4E5F6-7A8B-9C0D-1E2F-3A4B5C6D7E8F}.Debug|x86.Build.0 = Debug|Any CPU
		{C3D4E5F6-7A8B-9C0D-1E2F-3A4B5C6D7E8F}.Release|Any CPU.ActiveCfg = Release|Any CPU
		{C3D4E5F6-7A8B-9C0D-1E2F-3A4B5C6D7E8F}.Release|Any CPU.Build.0 = Release|Any CPU
		{C3D4E5F6-7A8B-9C0D-1E2F-3A4B5C6D7E8F}.Release|x64.ActiveCfg = Release|Any CPU
		{C3D4E5F6-7A8B-9C0D-1E2F-3A4B5C6D7E8F}.Release|x64.Build.0 = Release|Any CPU
		{C3D4E5F6-7A8B-9C0D-1E2F-3A4B5C6D7E8F}.Release|x86.ActiveCfg = Release|Any CPU
		{C3D4E5F6-7A8B-9C0D-1E2F-3A4B5C6D7E8F}.Release|x86.Build.0 = Release|Any CPU
		{D4E5F6A7-8B9C-0D1E-2F3A-4B5C6D7E8F9A}.Debug|Any CPU.ActiveCfg = Debug|Any CPU
		{D4E5F6A7-8B9C-0D1E-2F3A-4B5C6D7E8F9A}.Debug|Any CPU.Build.0 = Debug|Any CPU
		{D4E5F6A7-8B9C-0D1E-2F3A-4B5C6D7E8F9A}.Debug|x64.ActiveCfg = Debug|Any CPU
		{D4E5F6A7-8B9C-0D1E-2F3A-4B5C6D7E8F9A}.Debug|x64.Build.0 = Debug|Any CPU
		{D4E5F6A7-8B9C-0D1E-2F3A-4B5C6D7E8F9A}.Debug|x86.ActiveCfg = Debug|Any CPU
		{D4E5F6A7-8B9C-0D1E-2F3A-4B5C6D7E8F9A}.Debug|x86.Build.0 = Debug|Any CPU
		{D4E5F6A7-8B9C-0D1E-2F3A-4B5C6D7E8F9A}.Release|Any CPU.ActiveCfg = Release|Any CPU
		{D4E5F6A7-8B9C-0D1E-2F3A-4B5C6D7E8F9A}.Release|Any CPU.Build.0 = Release|Any CPU
		{D4E5F6A7-8B9C-0D1E-2F3A-4B5C6D7E8F9A}.Release|x64.ActiveCfg = Release|Any CPU
		{D4E5F6A7-8B9C-0D1E-2F3A-4B5C6D7E8F9A}.Release|x64.Build.0 = Release|Any CPU
		{D4E5F6A7-8B9C-0D1E-2F3A-4B5C6D7E8F9A}.Release|x86.ActiveCfg = Release|Any CPU
		{D4E5F6A7-8B9C-0D1E-2F3A-4B5C6D7E8F9A}.Release|x86.Build.0 = Release|Any CPU
		{E5F6A7B8-9C0D-1E2F-3A4B-5C6D7E8F9A0B}.Debug|Any CPU.ActiveCfg = Debug|Any CPU
		{E5F6A7B8-9C0D-1E2F-3A4B-5C6D7E8F9A0B}.Debug|Any CPU.Build.0 = Debug|Any CPU
		{E5F6A7B8-9C0D-1E2F-3A4B-5C6D7E8F9A0B}.Debug|x64.ActiveCfg = Debug|Any CPU
		{E5F6A7B8-9C0D-1E2F-3A4B-5C6D7E8F9A0B}.Debug|x64.Build.0 = Debug|Any CPU
		{E5F6A7B8-9C0D-1E2F-3A4B-5C6D7E8F9A0B}.Debug|x86.ActiveCfg = Debug|Any CPU
		{E5F6A7B8-9C0D-1E2F-3A4B-5C6D7E8F9A0B}.Debug|x86.Build.0 = Debug|Any CPU
		{E5F6A7B8-9C0D-1E2F-3A4B-5C6D7E8F9A0B}.Release|Any CPU.ActiveCfg = Release|Any CPU
		{E5F6A7B8-9C0D-1E2F-3A4B-5C6D7E8F9A0B}.Release|Any CPU.Build.0 = Release|Any CPU
		{E5F6A7B8-9C0D-1E2F-3A4B-5C6D7E8F9A0B}.Release|x64.ActiveCfg = Release|Any CPU
		{E5F6A7B8-9C0D-1E2F-3A4B-5C6D7E8F9A0B}.Release|x64.Build.0 = Release|Any CPU
		{E5F6A7B8-9C0D-1E2F-3A4B-5C6D7E8F9A0B}.Release|x86.ActiveCfg = Release|Any CPU
		{E5F6A7B8-9C0D-1E2F-3A4B-5C6D7E8F9A0B}.Release|x86.Build.0 = Release|Any CPU
		{A7B8C9D0-1E2F-3A4B-5C6D-7E8F9A0B1C2D}.Debug|Any CPU.ActiveCfg = Debug|Any CPU
		{A7B8C9D0-1E2F-3A4B-5C6D-7E8F9A0B1C2D}.Debug|Any CPU.Build.0 = Debug|Any CPU
		{A7B8C9D0-1E2F-3A4B-5C6D-7E8F9A0B1C2D}.Debug|x64.ActiveCfg = Debug|Any CPU
		{A7B8C9D0-1E2F-3A4B-5C6D-7E8F9A0B1C2D}.Debug|x64.Build.0 = Debug|Any CPU
		{A7B8C9D0-1E2F-3A4B-5C6D-7E8F9A0B1C2D}.Debug|x86.ActiveCfg = Debug|Any CPU
		{A7B8C9D0-1E2F-3A4B-5C6D-7E8F9A0B1C2D}.Debug|x86.Build.0 = Debug|Any CPU
		{A7B8C9D0-1E2F-3A4B-5C6D-7E8F9A0B1C2D}.Release|Any CPU.ActiveCfg = Release|Any CPU
		{A7B8C9D0-1E2F-3A4B-5C6D-7E8F9A0B1C2D}.Release|Any CPU.Build.0 = Release|Any CPU
		{A7B8C9D0-1E2F-3A4B-5C6D-7E8F9A0B1C2D}.Release|x64.ActiveCfg = Release|Any CPU
		{A7B8C9D0-1E2F-3A4B-5C6D-7E8F9A0B1C2D}.Release|x64.Build.0 = Release|Any CPU
		{A7B8C9D0-1E2F-3A4B-5C6D-7E8F9A0B1C2D}.Release|x86.ActiveCfg = Release|Any CPU
		{A7B8C9D0-1E2F-3A4B-5C6D-7E8F9A0B1C2D}.Release|x86.Build.0 = Release|Any CPU
		{F6A7B8C9-0D1E-2F3A-4B5C-6D7E8F9A0B1C}.Debug|Any CPU.ActiveCfg = Debug|Any CPU
		{F6A7B8C9-0D1E-2F3A-4B5C-6D7E8F9A0B1C}.Debug|Any CPU.Build.0 = Debug|Any CPU
		{F6A7B8C9-0D1E-2F3A-4B5C-6D7E8F9A0B1C}.Debug|x64.ActiveCfg = Debug|Any CPU
		{F6A7B8C9-0D1E-2F3A-4B5C-6D7E8F9A0B1C}.Debug|x64.Build.0 = Debug|Any CPU
		{F6A7B8C9-0D1E-2F3A-4B5C-6D7E8F9A0B1C}.Debug|x86.ActiveCfg = Debug|Any CPU
		{F6A7B8C9-0D1E-2F3A-4B5C-6D7E8F9A0B1C}.Debug|x86.Build.0 = Debug|Any CPU
		{F6A7B8C9-0D1E-2F3A-4B5C-6D7E8F9A0B1C}.Release|Any CPU.ActiveCfg = Release|Any CPU
		{F6A7B8C9-0D1E-2F3A-4B5C-6D7E8F9A0B1C}.Release|Any CPU.Build.0 = Release|Any CPU
		{F6A7B8C9-0D1E-2F3A-4B5C-6D7E8F9A0B1C}.Release|x64.ActiveCfg = Release|Any CPU
		{F6A7B8C9-0D1E-2F3A-4B5C-6D7E8F9A0B1C}.Release|x64.Build.0 = Release|Any CPU
		{F6A7B8C9-0D1E-2F3A-4B5C-6D7E8F9A0B1C}.Release|x86.ActiveCfg = Release|Any CPU
		{F6A7B8C9-0D1E-2F3A-4B5C-6D7E8F9A0B1C}.Release|x86.Build.0 = Release|Any CPU
		{99726B70-0CB5-4EE6-978D-76B8FAF7A55D}.Debug|Any CPU.ActiveCfg = Debug|Any CPU
		{99726B70-0CB5-4EE6-978D-76B8FAF7A55D}.Debug|Any CPU.Build.0 = Debug|Any CPU
		{99726B70-0CB5-4EE6-978D-76B8FAF7A55D}.Debug|x64.ActiveCfg = Debug|Any CPU
		{99726B70-0CB5-4EE6-978D-76B8FAF7A55D}.Debug|x64.Build.0 = Debug|Any CPU
		{99726B70-0CB5-4EE6-978D-76B8FAF7A55D}.Debug|x86.ActiveCfg = Debug|Any CPU
		{99726B70-0CB5-4EE6-978D-76B8FAF7A55D}.Debug|x86.Build.0 = Debug|Any CPU
		{99726B70-0CB5-4EE6-978D-76B8FAF7A55D}.Release|Any CPU.ActiveCfg = Release|Any CPU
		{99726B70-0CB5-4EE6-978D-76B8FAF7A55D}.Release|Any CPU.Build.0 = Release|Any CPU
		{99726B70-0CB5-4EE6-978D-76B8FAF7A55D}.Release|x64.ActiveCfg = Release|Any CPU
		{99726B70-0CB5-4EE6-978D-76B8FAF7A55D}.Release|x64.Build.0 = Release|Any CPU
		{99726B70-0CB5-4EE6-978D-76B8FAF7A55D}.Release|x86.ActiveCfg = Release|Any CPU
		{99726B70-0CB5-4EE6-978D-76B8FAF7A55D}.Release|x86.Build.0 = Release|Any CPU
		{BD89EA3B-F999-4CB5-96E1-5C1BB4F9E78F}.Debug|Any CPU.ActiveCfg = Debug|Any CPU
		{BD89EA3B-F999-4CB5-96E1-5C1BB4F9E78F}.Debug|Any CPU.Build.0 = Debug|Any CPU
		{BD89EA3B-F999-4CB5-96E1-5C1BB4F9E78F}.Debug|x64.ActiveCfg = Debug|Any CPU
		{BD89EA3B-F999-4CB5-96E1-5C1BB4F9E78F}.Debug|x64.Build.0 = Debug|Any CPU
		{BD89EA3B-F999-4CB5-96E1-5C1BB4F9E78F}.Debug|x86.ActiveCfg = Debug|Any CPU
		{BD89EA3B-F999-4CB5-96E1-5C1BB4F9E78F}.Debug|x86.Build.0 = Debug|Any CPU
		{BD89EA3B-F999-4CB5-96E1-5C1BB4F9E78F}.Release|Any CPU.ActiveCfg = Release|Any CPU
		{BD89EA3B-F999-4CB5-96E1-5C1BB4F9E78F}.Release|Any CPU.Build.0 = Release|Any CPU
		{BD89EA3B-F999-4CB5-96E1-5C1BB4F9E78F}.Release|x64.ActiveCfg = Release|Any CPU
		{BD89EA3B-F999-4CB5-96E1-5C1BB4F9E78F}.Release|x64.Build.0 = Release|Any CPU
		{BD89EA3B-F999-4CB5-96E1-5C1BB4F9E78F}.Release|x86.ActiveCfg = Release|Any CPU
		{BD89EA3B-F999-4CB5-96E1-5C1BB4F9E78F}.Release|x86.Build.0 = Release|Any CPU
	EndGlobalSection
	GlobalSection(SolutionProperties) = preSolution
		HideSolutionNode = FALSE
	EndGlobalSection
	GlobalSection(NestedProjects) = preSolution
		{E3E379DF-F4C6-4180-9B81-6769F1E86F3A} = {8BC9CEB8-8B4A-11D0-8D11-00A0C91BC942}
		{92159D94-8F73-4B1B-8E39-B7F17E4B9C84} = {8BC9CEB8-8B4A-11D0-8D11-00A0C91BC942}
		{F1E2D3C4-5B6A-7C8D-9E0F-1A2B3C4D5E6F} = {92159D94-8F73-4B1B-8E39-B7F17E4B9C84}
		{B2C3D4E5-6F7A-8B9C-0D1E-2F3A4B5C6D7E} = {E3E379DF-F4C6-4180-9B81-6769F1E86F3A}
		{C3D4E5F6-7A8B-9C0D-1E2F-3A4B5C6D7E8F} = {E3E379DF-F4C6-4180-9B81-6769F1E86F3A}
		{D4E5F6A7-8B9C-0D1E-2F3A-4B5C6D7E8F9A} = {E3E379DF-F4C6-4180-9B81-6769F1E86F3A}
		{E5F6A7B8-9C0D-1E2F-3A4B-5C6D7E8F9A0B} = {E3E379DF-F4C6-4180-9B81-6769F1E86F3A}
		{A7B8C9D0-1E2F-3A4B-5C6D-7E8F9A0B1C2D} = {E3E379DF-F4C6-4180-9B81-6769F1E86F3A}
		{F6A7B8C9-0D1E-2F3A-4B5C-6D7E8F9A0B1C} = {E3E379DF-F4C6-4180-9B81-6769F1E86F3A}
		{7D887108-2082-57E5-59E2-A47B8AC30CC1} = {E3E379DF-F4C6-4180-9B81-6769F1E86F3A}
		{99726B70-0CB5-4EE6-978D-76B8FAF7A55D} = {7D887108-2082-57E5-59E2-A47B8AC30CC1}
		{BD89EA3B-F999-4CB5-96E1-5C1BB4F9E78F} = {13A5A3F0-2B4F-4B9C-8B7E-7C8D9E0F1A2B}
	EndGlobalSection
EndGlobal
